// !$*UTF8*$!
{
	archiveVersion = 1;
	classes = {
	};
	objectVersion = 50;
	objects = {

/* Begin PBXBuildFile section */
		086FD4845C89E284A2A308C8 /* Pods_ProjectMarvelUITests.framework in Frameworks */ = {isa = PBXBuildFile; fileRef = ADC57C77646B21DEA3639006 /* Pods_ProjectMarvelUITests.framework */; };
		2047BDB6E931F832BF917CFE /* Pods_ProjectMarvelTests.framework in Frameworks */ = {isa = PBXBuildFile; fileRef = A621395A43C8A34AD3B8DCAE /* Pods_ProjectMarvelTests.framework */; };
		5233FC0A24EDDD2000F4D22F /* GetComicsMarverlAPI.swift in Sources */ = {isa = PBXBuildFile; fileRef = 5233FC0924EDDD2000F4D22F /* GetComicsMarverlAPI.swift */; };
		5233FC0C24EDDD5800F4D22F /* ComicsResponse.swift in Sources */ = {isa = PBXBuildFile; fileRef = 5233FC0B24EDDD5800F4D22F /* ComicsResponse.swift */; };
		529F3C032501975400140958 /* CharactersViewCell.swift in Sources */ = {isa = PBXBuildFile; fileRef = 529F3C022501975400140958 /* CharactersViewCell.swift */; };
		52AD01EB24E0A731002B32FE /* GetCharactersMarverlAPI.swift in Sources */ = {isa = PBXBuildFile; fileRef = 52AD01EA24E0A731002B32FE /* GetCharactersMarverlAPI.swift */; };
		52AD01EE24E0A786002B32FE /* CharactersResponse.swift in Sources */ = {isa = PBXBuildFile; fileRef = 52AD01ED24E0A786002B32FE /* CharactersResponse.swift */; };
		52D4B31E24E09D650029DC66 /* AppDelegate.swift in Sources */ = {isa = PBXBuildFile; fileRef = 52D4B31D24E09D650029DC66 /* AppDelegate.swift */; };
		52D4B32024E09D650029DC66 /* SceneDelegate.swift in Sources */ = {isa = PBXBuildFile; fileRef = 52D4B31F24E09D650029DC66 /* SceneDelegate.swift */; };
		52D4B32224E09D650029DC66 /* HomeViewController.swift in Sources */ = {isa = PBXBuildFile; fileRef = 52D4B32124E09D650029DC66 /* HomeViewController.swift */; };
		52D4B32524E09D650029DC66 /* Main.storyboard in Resources */ = {isa = PBXBuildFile; fileRef = 52D4B32324E09D650029DC66 /* Main.storyboard */; };
		52D4B32724E09D6E0029DC66 /* Assets.xcassets in Resources */ = {isa = PBXBuildFile; fileRef = 52D4B32624E09D6E0029DC66 /* Assets.xcassets */; };
		52D4B32A24E09D6E0029DC66 /* LaunchScreen.storyboard in Resources */ = {isa = PBXBuildFile; fileRef = 52D4B32824E09D6E0029DC66 /* LaunchScreen.storyboard */; };
		52D4B33524E09D6F0029DC66 /* ProjectMarvelTests.swift in Sources */ = {isa = PBXBuildFile; fileRef = 52D4B33424E09D6F0029DC66 /* ProjectMarvelTests.swift */; };
		52D4B34024E09D6F0029DC66 /* ProjectMarvelUITests.swift in Sources */ = {isa = PBXBuildFile; fileRef = 52D4B33F24E09D6F0029DC66 /* ProjectMarvelUITests.swift */; };
		52D4B35424E0A0360029DC66 /* APIError.swift in Sources */ = {isa = PBXBuildFile; fileRef = 52D4B35024E0A0350029DC66 /* APIError.swift */; };
		52D4B35524E0A0360029DC66 /* HTTPMethod.swift in Sources */ = {isa = PBXBuildFile; fileRef = 52D4B35124E0A0360029DC66 /* HTTPMethod.swift */; };
		52D4B35624E0A0360029DC66 /* CoreAPIService.swift in Sources */ = {isa = PBXBuildFile; fileRef = 52D4B35224E0A0360029DC66 /* CoreAPIService.swift */; };
		52D4B35724E0A0360029DC66 /* Networking.swift in Sources */ = {isa = PBXBuildFile; fileRef = 52D4B35324E0A0360029DC66 /* Networking.swift */; };
		52D4B35A24E0A0E80029DC66 /* String+Ext.swift in Sources */ = {isa = PBXBuildFile; fileRef = 52D4B35924E0A0E80029DC66 /* String+Ext.swift */; };
		6B5B8D1D97F47749D5149811 /* Pods_ProjectMarvel.framework in Frameworks */ = {isa = PBXBuildFile; fileRef = E572A96B000A375EF68EB5B1 /* Pods_ProjectMarvel.framework */; };
/* End PBXBuildFile section */

/* Begin PBXContainerItemProxy section */
		52D4B33124E09D6F0029DC66 /* PBXContainerItemProxy */ = {
			isa = PBXContainerItemProxy;
			containerPortal = 52D4B31224E09D650029DC66 /* Project object */;
			proxyType = 1;
			remoteGlobalIDString = 52D4B31924E09D650029DC66;
			remoteInfo = ProjectMarvel;
		};
		52D4B33C24E09D6F0029DC66 /* PBXContainerItemProxy */ = {
			isa = PBXContainerItemProxy;
			containerPortal = 52D4B31224E09D650029DC66 /* Project object */;
			proxyType = 1;
			remoteGlobalIDString = 52D4B31924E09D650029DC66;
			remoteInfo = ProjectMarvel;
		};
/* End PBXContainerItemProxy section */

/* Begin PBXFileReference section */
		0CD2C53B4DB4B3855C1A73A1 /* Pods-ProjectMarvelUITests.debug.xcconfig */ = {isa = PBXFileReference; includeInIndex = 1; lastKnownFileType = text.xcconfig; name = "Pods-ProjectMarvelUITests.debug.xcconfig"; path = "Pods/Target Support Files/Pods-ProjectMarvelUITests/Pods-ProjectMarvelUITests.debug.xcconfig"; sourceTree = "<group>"; };
		4F5CCF6678E85C4FAEB657B2 /* Pods-ProjectMarvelTests.release.xcconfig */ = {isa = PBXFileReference; includeInIndex = 1; lastKnownFileType = text.xcconfig; name = "Pods-ProjectMarvelTests.release.xcconfig"; path = "Pods/Target Support Files/Pods-ProjectMarvelTests/Pods-ProjectMarvelTests.release.xcconfig"; sourceTree = "<group>"; };
		5233FC0924EDDD2000F4D22F /* GetComicsMarverlAPI.swift */ = {isa = PBXFileReference; lastKnownFileType = sourcecode.swift; path = GetComicsMarverlAPI.swift; sourceTree = "<group>"; };
		5233FC0B24EDDD5800F4D22F /* ComicsResponse.swift */ = {isa = PBXFileReference; lastKnownFileType = sourcecode.swift; path = ComicsResponse.swift; sourceTree = "<group>"; };
		529F3C022501975400140958 /* CharactersViewCell.swift */ = {isa = PBXFileReference; lastKnownFileType = sourcecode.swift; path = CharactersViewCell.swift; sourceTree = "<group>"; };
		52AD01EA24E0A731002B32FE /* GetCharactersMarverlAPI.swift */ = {isa = PBXFileReference; lastKnownFileType = sourcecode.swift; path = GetCharactersMarverlAPI.swift; sourceTree = "<group>"; };
		52AD01ED24E0A786002B32FE /* CharactersResponse.swift */ = {isa = PBXFileReference; lastKnownFileType = sourcecode.swift; path = CharactersResponse.swift; sourceTree = "<group>"; };
		52D4B31A24E09D650029DC66 /* ProjectMarvel.app */ = {isa = PBXFileReference; explicitFileType = wrapper.application; includeInIndex = 0; path = ProjectMarvel.app; sourceTree = BUILT_PRODUCTS_DIR; };
		52D4B31D24E09D650029DC66 /* AppDelegate.swift */ = {isa = PBXFileReference; lastKnownFileType = sourcecode.swift; path = AppDelegate.swift; sourceTree = "<group>"; };
		52D4B31F24E09D650029DC66 /* SceneDelegate.swift */ = {isa = PBXFileReference; lastKnownFileType = sourcecode.swift; path = SceneDelegate.swift; sourceTree = "<group>"; };
		52D4B32124E09D650029DC66 /* HomeViewController.swift */ = {isa = PBXFileReference; lastKnownFileType = sourcecode.swift; path = HomeViewController.swift; sourceTree = "<group>"; };
		52D4B32424E09D650029DC66 /* Base */ = {isa = PBXFileReference; lastKnownFileType = file.storyboard; name = Base; path = Base.lproj/Main.storyboard; sourceTree = "<group>"; };
		52D4B32624E09D6E0029DC66 /* Assets.xcassets */ = {isa = PBXFileReference; lastKnownFileType = folder.assetcatalog; path = Assets.xcassets; sourceTree = "<group>"; };
		52D4B32924E09D6E0029DC66 /* Base */ = {isa = PBXFileReference; lastKnownFileType = file.storyboard; name = Base; path = Base.lproj/LaunchScreen.storyboard; sourceTree = "<group>"; };
		52D4B32B24E09D6E0029DC66 /* Info.plist */ = {isa = PBXFileReference; lastKnownFileType = text.plist.xml; path = Info.plist; sourceTree = "<group>"; };
		52D4B33024E09D6F0029DC66 /* ProjectMarvelTests.xctest */ = {isa = PBXFileReference; explicitFileType = wrapper.cfbundle; includeInIndex = 0; path = ProjectMarvelTests.xctest; sourceTree = BUILT_PRODUCTS_DIR; };
		52D4B33424E09D6F0029DC66 /* ProjectMarvelTests.swift */ = {isa = PBXFileReference; lastKnownFileType = sourcecode.swift; path = ProjectMarvelTests.swift; sourceTree = "<group>"; };
		52D4B33624E09D6F0029DC66 /* Info.plist */ = {isa = PBXFileReference; lastKnownFileType = text.plist.xml; path = Info.plist; sourceTree = "<group>"; };
		52D4B33B24E09D6F0029DC66 /* ProjectMarvelUITests.xctest */ = {isa = PBXFileReference; explicitFileType = wrapper.cfbundle; includeInIndex = 0; path = ProjectMarvelUITests.xctest; sourceTree = BUILT_PRODUCTS_DIR; };
		52D4B33F24E09D6F0029DC66 /* ProjectMarvelUITests.swift */ = {isa = PBXFileReference; lastKnownFileType = sourcecode.swift; path = ProjectMarvelUITests.swift; sourceTree = "<group>"; };
		52D4B34124E09D6F0029DC66 /* Info.plist */ = {isa = PBXFileReference; lastKnownFileType = text.plist.xml; path = Info.plist; sourceTree = "<group>"; };
		52D4B35024E0A0350029DC66 /* APIError.swift */ = {isa = PBXFileReference; fileEncoding = 4; lastKnownFileType = sourcecode.swift; path = APIError.swift; sourceTree = "<group>"; };
		52D4B35124E0A0360029DC66 /* HTTPMethod.swift */ = {isa = PBXFileReference; fileEncoding = 4; lastKnownFileType = sourcecode.swift; path = HTTPMethod.swift; sourceTree = "<group>"; };
		52D4B35224E0A0360029DC66 /* CoreAPIService.swift */ = {isa = PBXFileReference; fileEncoding = 4; lastKnownFileType = sourcecode.swift; path = CoreAPIService.swift; sourceTree = "<group>"; };
		52D4B35324E0A0360029DC66 /* Networking.swift */ = {isa = PBXFileReference; fileEncoding = 4; lastKnownFileType = sourcecode.swift; path = Networking.swift; sourceTree = "<group>"; };
		52D4B35924E0A0E80029DC66 /* String+Ext.swift */ = {isa = PBXFileReference; lastKnownFileType = sourcecode.swift; path = "String+Ext.swift"; sourceTree = "<group>"; };
		A621395A43C8A34AD3B8DCAE /* Pods_ProjectMarvelTests.framework */ = {isa = PBXFileReference; explicitFileType = wrapper.framework; includeInIndex = 0; path = Pods_ProjectMarvelTests.framework; sourceTree = BUILT_PRODUCTS_DIR; };
		ADC57C77646B21DEA3639006 /* Pods_ProjectMarvelUITests.framework */ = {isa = PBXFileReference; explicitFileType = wrapper.framework; includeInIndex = 0; path = Pods_ProjectMarvelUITests.framework; sourceTree = BUILT_PRODUCTS_DIR; };
		CFD4778BFCAB7F7D342564A1 /* Pods-ProjectMarvel.release.xcconfig */ = {isa = PBXFileReference; includeInIndex = 1; lastKnownFileType = text.xcconfig; name = "Pods-ProjectMarvel.release.xcconfig"; path = "Pods/Target Support Files/Pods-ProjectMarvel/Pods-ProjectMarvel.release.xcconfig"; sourceTree = "<group>"; };
		D67D28C0DDB6225006FA975C /* Pods-ProjectMarvelUITests.release.xcconfig */ = {isa = PBXFileReference; includeInIndex = 1; lastKnownFileType = text.xcconfig; name = "Pods-ProjectMarvelUITests.release.xcconfig"; path = "Pods/Target Support Files/Pods-ProjectMarvelUITests/Pods-ProjectMarvelUITests.release.xcconfig"; sourceTree = "<group>"; };
		D96F98ED462B2AE8481633AD /* Pods-ProjectMarvelTests.debug.xcconfig */ = {isa = PBXFileReference; includeInIndex = 1; lastKnownFileType = text.xcconfig; name = "Pods-ProjectMarvelTests.debug.xcconfig"; path = "Pods/Target Support Files/Pods-ProjectMarvelTests/Pods-ProjectMarvelTests.debug.xcconfig"; sourceTree = "<group>"; };
		E572A96B000A375EF68EB5B1 /* Pods_ProjectMarvel.framework */ = {isa = PBXFileReference; explicitFileType = wrapper.framework; includeInIndex = 0; path = Pods_ProjectMarvel.framework; sourceTree = BUILT_PRODUCTS_DIR; };
		E726F42F516491FC3C1E89BD /* Pods-ProjectMarvel.debug.xcconfig */ = {isa = PBXFileReference; includeInIndex = 1; lastKnownFileType = text.xcconfig; name = "Pods-ProjectMarvel.debug.xcconfig"; path = "Pods/Target Support Files/Pods-ProjectMarvel/Pods-ProjectMarvel.debug.xcconfig"; sourceTree = "<group>"; };
/* End PBXFileReference section */

/* Begin PBXFrameworksBuildPhase section */
		52D4B31724E09D650029DC66 /* Frameworks */ = {
			isa = PBXFrameworksBuildPhase;
			buildActionMask = 2147483647;
			files = (
				6B5B8D1D97F47749D5149811 /* Pods_ProjectMarvel.framework in Frameworks */,
			);
			runOnlyForDeploymentPostprocessing = 0;
		};
		52D4B32D24E09D6F0029DC66 /* Frameworks */ = {
			isa = PBXFrameworksBuildPhase;
			buildActionMask = 2147483647;
			files = (
				2047BDB6E931F832BF917CFE /* Pods_ProjectMarvelTests.framework in Frameworks */,
			);
			runOnlyForDeploymentPostprocessing = 0;
		};
		52D4B33824E09D6F0029DC66 /* Frameworks */ = {
			isa = PBXFrameworksBuildPhase;
			buildActionMask = 2147483647;
			files = (
				086FD4845C89E284A2A308C8 /* Pods_ProjectMarvelUITests.framework in Frameworks */,
			);
			runOnlyForDeploymentPostprocessing = 0;
		};
/* End PBXFrameworksBuildPhase section */

/* Begin PBXGroup section */
		06961FC758F31CCF71DBDE20 /* Pods */ = {
			isa = PBXGroup;
			children = (
				E726F42F516491FC3C1E89BD /* Pods-ProjectMarvel.debug.xcconfig */,
				CFD4778BFCAB7F7D342564A1 /* Pods-ProjectMarvel.release.xcconfig */,
				D96F98ED462B2AE8481633AD /* Pods-ProjectMarvelTests.debug.xcconfig */,
				4F5CCF6678E85C4FAEB657B2 /* Pods-ProjectMarvelTests.release.xcconfig */,
				0CD2C53B4DB4B3855C1A73A1 /* Pods-ProjectMarvelUITests.debug.xcconfig */,
				D67D28C0DDB6225006FA975C /* Pods-ProjectMarvelUITests.release.xcconfig */,
			);
			name = Pods;
			sourceTree = "<group>";
		};
		52AD01E824E0A6C8002B32FE /* Core */ = {
			isa = PBXGroup;
			children = (
				52D4B35124E0A0360029DC66 /* HTTPMethod.swift */,
				52D4B35324E0A0360029DC66 /* Networking.swift */,
				52D4B35024E0A0350029DC66 /* APIError.swift */,
				52D4B35224E0A0360029DC66 /* CoreAPIService.swift */,
			);
			path = Core;
			sourceTree = "<group>";
		};
		52AD01E924E0A6D2002B32FE /* RequestsAPI */ = {
			isa = PBXGroup;
			children = (
				52AD01EA24E0A731002B32FE /* GetCharactersMarverlAPI.swift */,
				5233FC0924EDDD2000F4D22F /* GetComicsMarverlAPI.swift */,
			);
			path = RequestsAPI;
			sourceTree = "<group>";
		};
		52AD01EC24E0A75E002B32FE /* ModelAPI */ = {
			isa = PBXGroup;
			children = (
				52AD01ED24E0A786002B32FE /* CharactersResponse.swift */,
				5233FC0B24EDDD5800F4D22F /* ComicsResponse.swift */,
			);
			path = ModelAPI;
			sourceTree = "<group>";
		};
		52D4B31124E09D650029DC66 = {
			isa = PBXGroup;
			children = (
				52D4B31C24E09D650029DC66 /* ProjectMarvel */,
				52D4B33324E09D6F0029DC66 /* ProjectMarvelTests */,
				52D4B33E24E09D6F0029DC66 /* ProjectMarvelUITests */,
				52D4B31B24E09D650029DC66 /* Products */,
				06961FC758F31CCF71DBDE20 /* Pods */,
				93AF1A2CBFFDE366808BF8A0 /* Frameworks */,
			);
			sourceTree = "<group>";
		};
		52D4B31B24E09D650029DC66 /* Products */ = {
			isa = PBXGroup;
			children = (
				52D4B31A24E09D650029DC66 /* ProjectMarvel.app */,
				52D4B33024E09D6F0029DC66 /* ProjectMarvelTests.xctest */,
				52D4B33B24E09D6F0029DC66 /* ProjectMarvelUITests.xctest */,
			);
			name = Products;
			sourceTree = "<group>";
		};
		52D4B31C24E09D650029DC66 /* ProjectMarvel */ = {
			isa = PBXGroup;
			children = (
				52D4B31D24E09D650029DC66 /* AppDelegate.swift */,
				52D4B31F24E09D650029DC66 /* SceneDelegate.swift */,
				52D4B34D24E09DAD0029DC66 /* Source */,
				52D4B32624E09D6E0029DC66 /* Assets.xcassets */,
				52D4B32824E09D6E0029DC66 /* LaunchScreen.storyboard */,
				52D4B32B24E09D6E0029DC66 /* Info.plist */,
			);
			path = ProjectMarvel;
			sourceTree = "<group>";
		};
		52D4B33324E09D6F0029DC66 /* ProjectMarvelTests */ = {
			isa = PBXGroup;
			children = (
				52D4B33424E09D6F0029DC66 /* ProjectMarvelTests.swift */,
				52D4B33624E09D6F0029DC66 /* Info.plist */,
			);
			path = ProjectMarvelTests;
			sourceTree = "<group>";
		};
		52D4B33E24E09D6F0029DC66 /* ProjectMarvelUITests */ = {
			isa = PBXGroup;
			children = (
				52D4B33F24E09D6F0029DC66 /* ProjectMarvelUITests.swift */,
				52D4B34124E09D6F0029DC66 /* Info.plist */,
			);
			path = ProjectMarvelUITests;
			sourceTree = "<group>";
		};
		52D4B34D24E09DAD0029DC66 /* Source */ = {
			isa = PBXGroup;
			children = (
				52D4B35824E0A0D10029DC66 /* Extensions */,
				52D4B32324E09D650029DC66 /* Main.storyboard */,
				52D4B34E24E09DBA0029DC66 /* HomeScreen */,
				52D4B34F24E0A00D0029DC66 /* API */,
			);
			path = Source;
			sourceTree = "<group>";
		};
		52D4B34E24E09DBA0029DC66 /* HomeScreen */ = {
			isa = PBXGroup;
			children = (
				52D4B32124E09D650029DC66 /* HomeViewController.swift */,
				529F3C022501975400140958 /* CharactersViewCell.swift */,
			);
			path = HomeScreen;
			sourceTree = "<group>";
		};
		52D4B34F24E0A00D0029DC66 /* API */ = {
			isa = PBXGroup;
			children = (
				52AD01EC24E0A75E002B32FE /* ModelAPI */,
				52AD01E924E0A6D2002B32FE /* RequestsAPI */,
				52AD01E824E0A6C8002B32FE /* Core */,
			);
			path = API;
			sourceTree = "<group>";
		};
		52D4B35824E0A0D10029DC66 /* Extensions */ = {
			isa = PBXGroup;
			children = (
				52D4B35924E0A0E80029DC66 /* String+Ext.swift */,
			);
			path = Extensions;
			sourceTree = "<group>";
		};
		93AF1A2CBFFDE366808BF8A0 /* Frameworks */ = {
			isa = PBXGroup;
			children = (
				E572A96B000A375EF68EB5B1 /* Pods_ProjectMarvel.framework */,
				A621395A43C8A34AD3B8DCAE /* Pods_ProjectMarvelTests.framework */,
				ADC57C77646B21DEA3639006 /* Pods_ProjectMarvelUITests.framework */,
			);
			name = Frameworks;
			sourceTree = "<group>";
		};
/* End PBXGroup section */

/* Begin PBXNativeTarget section */
		52D4B31924E09D650029DC66 /* ProjectMarvel */ = {
			isa = PBXNativeTarget;
			buildConfigurationList = 52D4B34424E09D6F0029DC66 /* Build configuration list for PBXNativeTarget "ProjectMarvel" */;
			buildPhases = (
				2183DB1837E71BD7470B1655 /* [CP] Check Pods Manifest.lock */,
				52D4B31624E09D650029DC66 /* Sources */,
				52D4B31724E09D650029DC66 /* Frameworks */,
				52D4B31824E09D650029DC66 /* Resources */,
				672069A67E9C7DF00F94E170 /* [CP] Embed Pods Frameworks */,
			);
			buildRules = (
			);
			dependencies = (
			);
			name = ProjectMarvel;
			productName = ProjectMarvel;
			productReference = 52D4B31A24E09D650029DC66 /* ProjectMarvel.app */;
			productType = "com.apple.product-type.application";
		};
		52D4B32F24E09D6F0029DC66 /* ProjectMarvelTests */ = {
			isa = PBXNativeTarget;
			buildConfigurationList = 52D4B34724E09D6F0029DC66 /* Build configuration list for PBXNativeTarget "ProjectMarvelTests" */;
			buildPhases = (
				BDBBFBD7C9114D02B121E589 /* [CP] Check Pods Manifest.lock */,
				52D4B32C24E09D6F0029DC66 /* Sources */,
				52D4B32D24E09D6F0029DC66 /* Frameworks */,
				52D4B32E24E09D6F0029DC66 /* Resources */,
			);
			buildRules = (
			);
			dependencies = (
				52D4B33224E09D6F0029DC66 /* PBXTargetDependency */,
			);
			name = ProjectMarvelTests;
			productName = ProjectMarvelTests;
			productReference = 52D4B33024E09D6F0029DC66 /* ProjectMarvelTests.xctest */;
			productType = "com.apple.product-type.bundle.unit-test";
		};
		52D4B33A24E09D6F0029DC66 /* ProjectMarvelUITests */ = {
			isa = PBXNativeTarget;
			buildConfigurationList = 52D4B34A24E09D6F0029DC66 /* Build configuration list for PBXNativeTarget "ProjectMarvelUITests" */;
			buildPhases = (
				64AD011DC78AF59A704086E8 /* [CP] Check Pods Manifest.lock */,
				52D4B33724E09D6F0029DC66 /* Sources */,
				52D4B33824E09D6F0029DC66 /* Frameworks */,
				52D4B33924E09D6F0029DC66 /* Resources */,
			);
			buildRules = (
			);
			dependencies = (
				52D4B33D24E09D6F0029DC66 /* PBXTargetDependency */,
			);
			name = ProjectMarvelUITests;
			productName = ProjectMarvelUITests;
			productReference = 52D4B33B24E09D6F0029DC66 /* ProjectMarvelUITests.xctest */;
			productType = "com.apple.product-type.bundle.ui-testing";
		};
/* End PBXNativeTarget section */

/* Begin PBXProject section */
		52D4B31224E09D650029DC66 /* Project object */ = {
			isa = PBXProject;
			attributes = {
				LastSwiftUpdateCheck = 1160;
				LastUpgradeCheck = 1160;
				ORGANIZATIONNAME = "Jhoney Lopes";
				TargetAttributes = {
					52D4B31924E09D650029DC66 = {
						CreatedOnToolsVersion = 11.6;
					};
					52D4B32F24E09D6F0029DC66 = {
						CreatedOnToolsVersion = 11.6;
						TestTargetID = 52D4B31924E09D650029DC66;
					};
					52D4B33A24E09D6F0029DC66 = {
						CreatedOnToolsVersion = 11.6;
						TestTargetID = 52D4B31924E09D650029DC66;
					};
				};
			};
			buildConfigurationList = 52D4B31524E09D650029DC66 /* Build configuration list for PBXProject "ProjectMarvel" */;
			compatibilityVersion = "Xcode 9.3";
			developmentRegion = en;
			hasScannedForEncodings = 0;
			knownRegions = (
				en,
				Base,
			);
			mainGroup = 52D4B31124E09D650029DC66;
			productRefGroup = 52D4B31B24E09D650029DC66 /* Products */;
			projectDirPath = "";
			projectRoot = "";
			targets = (
				52D4B31924E09D650029DC66 /* ProjectMarvel */,
				52D4B32F24E09D6F0029DC66 /* ProjectMarvelTests */,
				52D4B33A24E09D6F0029DC66 /* ProjectMarvelUITests */,
			);
		};
/* End PBXProject section */

/* Begin PBXResourcesBuildPhase section */
		52D4B31824E09D650029DC66 /* Resources */ = {
			isa = PBXResourcesBuildPhase;
			buildActionMask = 2147483647;
			files = (
				52D4B32A24E09D6E0029DC66 /* LaunchScreen.storyboard in Resources */,
				52D4B32724E09D6E0029DC66 /* Assets.xcassets in Resources */,
				52D4B32524E09D650029DC66 /* Main.storyboard in Resources */,
			);
			runOnlyForDeploymentPostprocessing = 0;
		};
		52D4B32E24E09D6F0029DC66 /* Resources */ = {
			isa = PBXResourcesBuildPhase;
			buildActionMask = 2147483647;
			files = (
			);
			runOnlyForDeploymentPostprocessing = 0;
		};
		52D4B33924E09D6F0029DC66 /* Resources */ = {
			isa = PBXResourcesBuildPhase;
			buildActionMask = 2147483647;
			files = (
			);
			runOnlyForDeploymentPostprocessing = 0;
		};
/* End PBXResourcesBuildPhase section */

/* Begin PBXShellScriptBuildPhase section */
		2183DB1837E71BD7470B1655 /* [CP] Check Pods Manifest.lock */ = {
			isa = PBXShellScriptBuildPhase;
			buildActionMask = 2147483647;
			files = (
			);
			inputFileListPaths = (
			);
			inputPaths = (
				"${PODS_PODFILE_DIR_PATH}/Podfile.lock",
				"${PODS_ROOT}/Manifest.lock",
			);
			name = "[CP] Check Pods Manifest.lock";
			outputFileListPaths = (
			);
			outputPaths = (
				"$(DERIVED_FILE_DIR)/Pods-ProjectMarvel-checkManifestLockResult.txt",
			);
			runOnlyForDeploymentPostprocessing = 0;
			shellPath = /bin/sh;
			shellScript = "diff \"${PODS_PODFILE_DIR_PATH}/Podfile.lock\" \"${PODS_ROOT}/Manifest.lock\" > /dev/null\nif [ $? != 0 ] ; then\n    # print error to STDERR\n    echo \"error: The sandbox is not in sync with the Podfile.lock. Run 'pod install' or update your CocoaPods installation.\" >&2\n    exit 1\nfi\n# This output is used by Xcode 'outputs' to avoid re-running this script phase.\necho \"SUCCESS\" > \"${SCRIPT_OUTPUT_FILE_0}\"\n";
			showEnvVarsInLog = 0;
		};
		64AD011DC78AF59A704086E8 /* [CP] Check Pods Manifest.lock */ = {
			isa = PBXShellScriptBuildPhase;
			buildActionMask = 2147483647;
			files = (
			);
			inputFileListPaths = (
			);
			inputPaths = (
				"${PODS_PODFILE_DIR_PATH}/Podfile.lock",
				"${PODS_ROOT}/Manifest.lock",
			);
			name = "[CP] Check Pods Manifest.lock";
			outputFileListPaths = (
			);
			outputPaths = (
				"$(DERIVED_FILE_DIR)/Pods-ProjectMarvelUITests-checkManifestLockResult.txt",
			);
			runOnlyForDeploymentPostprocessing = 0;
			shellPath = /bin/sh;
			shellScript = "diff \"${PODS_PODFILE_DIR_PATH}/Podfile.lock\" \"${PODS_ROOT}/Manifest.lock\" > /dev/null\nif [ $? != 0 ] ; then\n    # print error to STDERR\n    echo \"error: The sandbox is not in sync with the Podfile.lock. Run 'pod install' or update your CocoaPods installation.\" >&2\n    exit 1\nfi\n# This output is used by Xcode 'outputs' to avoid re-running this script phase.\necho \"SUCCESS\" > \"${SCRIPT_OUTPUT_FILE_0}\"\n";
			showEnvVarsInLog = 0;
		};
		672069A67E9C7DF00F94E170 /* [CP] Embed Pods Frameworks */ = {
			isa = PBXShellScriptBuildPhase;
			buildActionMask = 2147483647;
			files = (
			);
			inputFileListPaths = (
			);
			inputPaths = (
				"${SRCROOT}/Pods/Target Support Files/Pods-ProjectMarvel/Pods-ProjectMarvel-frameworks.sh",
				"${BUILT_PRODUCTS_DIR}/Kingfisher/Kingfisher.framework",
			);
			name = "[CP] Embed Pods Frameworks";
			outputFileListPaths = (
			);
			outputPaths = (
				"${TARGET_BUILD_DIR}/${FRAMEWORKS_FOLDER_PATH}/Kingfisher.framework",
			);
			runOnlyForDeploymentPostprocessing = 0;
			shellPath = /bin/sh;
			shellScript = "\"${SRCROOT}/Pods/Target Support Files/Pods-ProjectMarvel/Pods-ProjectMarvel-frameworks.sh\"\n";
			showEnvVarsInLog = 0;
		};
		BDBBFBD7C9114D02B121E589 /* [CP] Check Pods Manifest.lock */ = {
			isa = PBXShellScriptBuildPhase;
			buildActionMask = 2147483647;
			files = (
			);
			inputFileListPaths = (
			);
			inputPaths = (
				"${PODS_PODFILE_DIR_PATH}/Podfile.lock",
				"${PODS_ROOT}/Manifest.lock",
			);
			name = "[CP] Check Pods Manifest.lock";
			outputFileListPaths = (
			);
			outputPaths = (
				"$(DERIVED_FILE_DIR)/Pods-ProjectMarvelTests-checkManifestLockResult.txt",
			);
			runOnlyForDeploymentPostprocessing = 0;
			shellPath = /bin/sh;
			shellScript = "diff \"${PODS_PODFILE_DIR_PATH}/Podfile.lock\" \"${PODS_ROOT}/Manifest.lock\" > /dev/null\nif [ $? != 0 ] ; then\n    # print error to STDERR\n    echo \"error: The sandbox is not in sync with the Podfile.lock. Run 'pod install' or update your CocoaPods installation.\" >&2\n    exit 1\nfi\n# This output is used by Xcode 'outputs' to avoid re-running this script phase.\necho \"SUCCESS\" > \"${SCRIPT_OUTPUT_FILE_0}\"\n";
			showEnvVarsInLog = 0;
		};
/* End PBXShellScriptBuildPhase section */

/* Begin PBXSourcesBuildPhase section */
		52D4B31624E09D650029DC66 /* Sources */ = {
			isa = PBXSourcesBuildPhase;
			buildActionMask = 2147483647;
			files = (
				52D4B32224E09D650029DC66 /* HomeViewController.swift in Sources */,
				52AD01EE24E0A786002B32FE /* CharactersResponse.swift in Sources */,
				52D4B35624E0A0360029DC66 /* CoreAPIService.swift in Sources */,
				529F3C032501975400140958 /* CharactersViewCell.swift in Sources */,
				52D4B31E24E09D650029DC66 /* AppDelegate.swift in Sources */,
				52D4B35424E0A0360029DC66 /* APIError.swift in Sources */,
				52D4B35524E0A0360029DC66 /* HTTPMethod.swift in Sources */,
				52D4B32024E09D650029DC66 /* SceneDelegate.swift in Sources */,
				52AD01EB24E0A731002B32FE /* GetCharactersMarverlAPI.swift in Sources */,
				5233FC0C24EDDD5800F4D22F /* ComicsResponse.swift in Sources */,
				5233FC0A24EDDD2000F4D22F /* GetComicsMarverlAPI.swift in Sources */,
				52D4B35A24E0A0E80029DC66 /* String+Ext.swift in Sources */,
				52D4B35724E0A0360029DC66 /* Networking.swift in Sources */,
			);
			runOnlyForDeploymentPostprocessing = 0;
		};
		52D4B32C24E09D6F0029DC66 /* Sources */ = {
			isa = PBXSourcesBuildPhase;
			buildActionMask = 2147483647;
			files = (
				52D4B33524E09D6F0029DC66 /* ProjectMarvelTests.swift in Sources */,
			);
			runOnlyForDeploymentPostprocessing = 0;
		};
		52D4B33724E09D6F0029DC66 /* Sources */ = {
			isa = PBXSourcesBuildPhase;
			buildActionMask = 2147483647;
			files = (
				52D4B34024E09D6F0029DC66 /* ProjectMarvelUITests.swift in Sources */,
			);
			runOnlyForDeploymentPostprocessing = 0;
		};
/* End PBXSourcesBuildPhase section */

/* Begin PBXTargetDependency section */
		52D4B33224E09D6F0029DC66 /* PBXTargetDependency */ = {
			isa = PBXTargetDependency;
			target = 52D4B31924E09D650029DC66 /* ProjectMarvel */;
			targetProxy = 52D4B33124E09D6F0029DC66 /* PBXContainerItemProxy */;
		};
		52D4B33D24E09D6F0029DC66 /* PBXTargetDependency */ = {
			isa = PBXTargetDependency;
			target = 52D4B31924E09D650029DC66 /* ProjectMarvel */;
			targetProxy = 52D4B33C24E09D6F0029DC66 /* PBXContainerItemProxy */;
		};
/* End PBXTargetDependency section */

/* Begin PBXVariantGroup section */
		52D4B32324E09D650029DC66 /* Main.storyboard */ = {
			isa = PBXVariantGroup;
			children = (
				52D4B32424E09D650029DC66 /* Base */,
			);
			name = Main.storyboard;
			sourceTree = "<group>";
		};
		52D4B32824E09D6E0029DC66 /* LaunchScreen.storyboard */ = {
			isa = PBXVariantGroup;
			children = (
				52D4B32924E09D6E0029DC66 /* Base */,
			);
			name = LaunchScreen.storyboard;
			sourceTree = "<group>";
		};
/* End PBXVariantGroup section */

/* Begin XCBuildConfiguration section */
		52D4B34224E09D6F0029DC66 /* Debug */ = {
			isa = XCBuildConfiguration;
			buildSettings = {
				ALWAYS_SEARCH_USER_PATHS = NO;
				CLANG_ANALYZER_NONNULL = YES;
				CLANG_ANALYZER_NUMBER_OBJECT_CONVERSION = YES_AGGRESSIVE;
				CLANG_CXX_LANGUAGE_STANDARD = "gnu++14";
				CLANG_CXX_LIBRARY = "libc++";
				CLANG_ENABLE_MODULES = YES;
				CLANG_ENABLE_OBJC_ARC = YES;
				CLANG_ENABLE_OBJC_WEAK = YES;
				CLANG_WARN_BLOCK_CAPTURE_AUTORELEASING = YES;
				CLANG_WARN_BOOL_CONVERSION = YES;
				CLANG_WARN_COMMA = YES;
				CLANG_WARN_CONSTANT_CONVERSION = YES;
				CLANG_WARN_DEPRECATED_OBJC_IMPLEMENTATIONS = YES;
				CLANG_WARN_DIRECT_OBJC_ISA_USAGE = YES_ERROR;
				CLANG_WARN_DOCUMENTATION_COMMENTS = YES;
				CLANG_WARN_EMPTY_BODY = YES;
				CLANG_WARN_ENUM_CONVERSION = YES;
				CLANG_WARN_INFINITE_RECURSION = YES;
				CLANG_WARN_INT_CONVERSION = YES;
				CLANG_WARN_NON_LITERAL_NULL_CONVERSION = YES;
				CLANG_WARN_OBJC_IMPLICIT_RETAIN_SELF = YES;
				CLANG_WARN_OBJC_LITERAL_CONVERSION = YES;
				CLANG_WARN_OBJC_ROOT_CLASS = YES_ERROR;
				CLANG_WARN_RANGE_LOOP_ANALYSIS = YES;
				CLANG_WARN_STRICT_PROTOTYPES = YES;
				CLANG_WARN_SUSPICIOUS_MOVE = YES;
				CLANG_WARN_UNGUARDED_AVAILABILITY = YES_AGGRESSIVE;
				CLANG_WARN_UNREACHABLE_CODE = YES;
				CLANG_WARN__DUPLICATE_METHOD_MATCH = YES;
				COPY_PHASE_STRIP = NO;
				DEBUG_INFORMATION_FORMAT = dwarf;
				ENABLE_STRICT_OBJC_MSGSEND = YES;
				ENABLE_TESTABILITY = YES;
				GCC_C_LANGUAGE_STANDARD = gnu11;
				GCC_DYNAMIC_NO_PIC = NO;
				GCC_NO_COMMON_BLOCKS = YES;
				GCC_OPTIMIZATION_LEVEL = 0;
				GCC_PREPROCESSOR_DEFINITIONS = (
					"DEBUG=1",
					"$(inherited)",
				);
				GCC_WARN_64_TO_32_BIT_CONVERSION = YES;
				GCC_WARN_ABOUT_RETURN_TYPE = YES_ERROR;
				GCC_WARN_UNDECLARED_SELECTOR = YES;
				GCC_WARN_UNINITIALIZED_AUTOS = YES_AGGRESSIVE;
				GCC_WARN_UNUSED_FUNCTION = YES;
				GCC_WARN_UNUSED_VARIABLE = YES;
				IPHONEOS_DEPLOYMENT_TARGET = 13.6;
				MTL_ENABLE_DEBUG_INFO = INCLUDE_SOURCE;
				MTL_FAST_MATH = YES;
				ONLY_ACTIVE_ARCH = YES;
				SDKROOT = iphoneos;
				SWIFT_ACTIVE_COMPILATION_CONDITIONS = DEBUG;
				SWIFT_OPTIMIZATION_LEVEL = "-Onone";
			};
			name = Debug;
		};
		52D4B34324E09D6F0029DC66 /* Release */ = {
			isa = XCBuildConfiguration;
			buildSettings = {
				ALWAYS_SEARCH_USER_PATHS = NO;
				CLANG_ANALYZER_NONNULL = YES;
				CLANG_ANALYZER_NUMBER_OBJECT_CONVERSION = YES_AGGRESSIVE;
				CLANG_CXX_LANGUAGE_STANDARD = "gnu++14";
				CLANG_CXX_LIBRARY = "libc++";
				CLANG_ENABLE_MODULES = YES;
				CLANG_ENABLE_OBJC_ARC = YES;
				CLANG_ENABLE_OBJC_WEAK = YES;
				CLANG_WARN_BLOCK_CAPTURE_AUTORELEASING = YES;
				CLANG_WARN_BOOL_CONVERSION = YES;
				CLANG_WARN_COMMA = YES;
				CLANG_WARN_CONSTANT_CONVERSION = YES;
				CLANG_WARN_DEPRECATED_OBJC_IMPLEMENTATIONS = YES;
				CLANG_WARN_DIRECT_OBJC_ISA_USAGE = YES_ERROR;
				CLANG_WARN_DOCUMENTATION_COMMENTS = YES;
				CLANG_WARN_EMPTY_BODY = YES;
				CLANG_WARN_ENUM_CONVERSION = YES;
				CLANG_WARN_INFINITE_RECURSION = YES;
				CLANG_WARN_INT_CONVERSION = YES;
				CLANG_WARN_NON_LITERAL_NULL_CONVERSION = YES;
				CLANG_WARN_OBJC_IMPLICIT_RETAIN_SELF = YES;
				CLANG_WARN_OBJC_LITERAL_CONVERSION = YES;
				CLANG_WARN_OBJC_ROOT_CLASS = YES_ERROR;
				CLANG_WARN_RANGE_LOOP_ANALYSIS = YES;
				CLANG_WARN_STRICT_PROTOTYPES = YES;
				CLANG_WARN_SUSPICIOUS_MOVE = YES;
				CLANG_WARN_UNGUARDED_AVAILABILITY = YES_AGGRESSIVE;
				CLANG_WARN_UNREACHABLE_CODE = YES;
				CLANG_WARN__DUPLICATE_METHOD_MATCH = YES;
				COPY_PHASE_STRIP = NO;
				DEBUG_INFORMATION_FORMAT = "dwarf-with-dsym";
				ENABLE_NS_ASSERTIONS = NO;
				ENABLE_STRICT_OBJC_MSGSEND = YES;
				GCC_C_LANGUAGE_STANDARD = gnu11;
				GCC_NO_COMMON_BLOCKS = YES;
				GCC_WARN_64_TO_32_BIT_CONVERSION = YES;
				GCC_WARN_ABOUT_RETURN_TYPE = YES_ERROR;
				GCC_WARN_UNDECLARED_SELECTOR = YES;
				GCC_WARN_UNINITIALIZED_AUTOS = YES_AGGRESSIVE;
				GCC_WARN_UNUSED_FUNCTION = YES;
				GCC_WARN_UNUSED_VARIABLE = YES;
				IPHONEOS_DEPLOYMENT_TARGET = 13.6;
				MTL_ENABLE_DEBUG_INFO = NO;
				MTL_FAST_MATH = YES;
				SDKROOT = iphoneos;
				SWIFT_COMPILATION_MODE = wholemodule;
				SWIFT_OPTIMIZATION_LEVEL = "-O";
				VALIDATE_PRODUCT = YES;
			};
			name = Release;
		};
		52D4B34524E09D6F0029DC66 /* Debug */ = {
			isa = XCBuildConfiguration;
			baseConfigurationReference = E726F42F516491FC3C1E89BD /* Pods-ProjectMarvel.debug.xcconfig */;
			buildSettings = {
				ASSETCATALOG_COMPILER_APPICON_NAME = AppIcon;
				CODE_SIGN_STYLE = Automatic;
				DEVELOPMENT_TEAM = LB7D339DT6;
				INFOPLIST_FILE = ProjectMarvel/Info.plist;
				LD_RUNPATH_SEARCH_PATHS = (
					"$(inherited)",
					"@executable_path/Frameworks",
				);
				PRODUCT_BUNDLE_IDENTIFIER = com.jhoneylopes.ProjectMarvel;
				PRODUCT_NAME = "$(TARGET_NAME)";
				SWIFT_VERSION = 5.0;
				TARGETED_DEVICE_FAMILY = "1,2";
			};
			name = Debug;
		};
		52D4B34624E09D6F0029DC66 /* Release */ = {
			isa = XCBuildConfiguration;
			baseConfigurationReference = CFD4778BFCAB7F7D342564A1 /* Pods-ProjectMarvel.release.xcconfig */;
			buildSettings = {
				ASSETCATALOG_COMPILER_APPICON_NAME = AppIcon;
				CODE_SIGN_STYLE = Automatic;
				DEVELOPMENT_TEAM = LB7D339DT6;
				INFOPLIST_FILE = ProjectMarvel/Info.plist;
				LD_RUNPATH_SEARCH_PATHS = (
					"$(inherited)",
					"@executable_path/Frameworks",
				);
				PRODUCT_BUNDLE_IDENTIFIER = com.jhoneylopes.ProjectMarvel;
				PRODUCT_NAME = "$(TARGET_NAME)";
				SWIFT_VERSION = 5.0;
				TARGETED_DEVICE_FAMILY = "1,2";
			};
			name = Release;
		};
		52D4B34824E09D6F0029DC66 /* Debug */ = {
			isa = XCBuildConfiguration;
			baseConfigurationReference = D96F98ED462B2AE8481633AD /* Pods-ProjectMarvelTests.debug.xcconfig */;
			buildSettings = {
				ALWAYS_EMBED_SWIFT_STANDARD_LIBRARIES = YES;
				BUNDLE_LOADER = "$(TEST_HOST)";
				CODE_SIGN_STYLE = Automatic;
				DEVELOPMENT_TEAM = LB7D339DT6;
				INFOPLIST_FILE = ProjectMarvelTests/Info.plist;
				IPHONEOS_DEPLOYMENT_TARGET = 13.6;
				LD_RUNPATH_SEARCH_PATHS = (
					"$(inherited)",
					"@executable_path/Frameworks",
					"@loader_path/Frameworks",
				);
				PRODUCT_BUNDLE_IDENTIFIER = com.jhoneylopes.ProjectMarvelTests;
				PRODUCT_NAME = "$(TARGET_NAME)";
				SWIFT_VERSION = 5.0;
				TARGETED_DEVICE_FAMILY = "1,2";
				TEST_HOST = "$(BUILT_PRODUCTS_DIR)/ProjectMarvel.app/ProjectMarvel";
			};
			name = Debug;
		};
		52D4B34924E09D6F0029DC66 /* Release */ = {
			isa = XCBuildConfiguration;
			baseConfigurationReference = 4F5CCF6678E85C4FAEB657B2 /* Pods-ProjectMarvelTests.release.xcconfig */;
			buildSettings = {
				ALWAYS_EMBED_SWIFT_STANDARD_LIBRARIES = YES;
				BUNDLE_LOADER = "$(TEST_HOST)";
				CODE_SIGN_STYLE = Automatic;
				DEVELOPMENT_TEAM = LB7D339DT6;
				INFOPLIST_FILE = ProjectMarvelTests/Info.plist;
				IPHONEOS_DEPLOYMENT_TARGET = 13.6;
				LD_RUNPATH_SEARCH_PATHS = (
					"$(inherited)",
					"@executable_path/Frameworks",
					"@loader_path/Frameworks",
				);
				PRODUCT_BUNDLE_IDENTIFIER = com.jhoneylopes.ProjectMarvelTests;
				PRODUCT_NAME = "$(TARGET_NAME)";
				SWIFT_VERSION = 5.0;
				TARGETED_DEVICE_FAMILY = "1,2";
				TEST_HOST = "$(BUILT_PRODUCTS_DIR)/ProjectMarvel.app/ProjectMarvel";
			};
			name = Release;
		};
		52D4B34B24E09D6F0029DC66 /* Debug */ = {
			isa = XCBuildConfiguration;
			baseConfigurationReference = 0CD2C53B4DB4B3855C1A73A1 /* Pods-ProjectMarvelUITests.debug.xcconfig */;
			buildSettings = {
				ALWAYS_EMBED_SWIFT_STANDARD_LIBRARIES = YES;
				CODE_SIGN_STYLE = Automatic;
				DEVELOPMENT_TEAM = LB7D339DT6;
				INFOPLIST_FILE = ProjectMarvelUITests/Info.plist;
				LD_RUNPATH_SEARCH_PATHS = (
					"$(inherited)",
					"@executable_path/Frameworks",
					"@loader_path/Frameworks",
				);
				PRODUCT_BUNDLE_IDENTIFIER = com.jhoneylopes.ProjectMarvelUITests;
				PRODUCT_NAME = "$(TARGET_NAME)";
				SWIFT_VERSION = 5.0;
				TARGETED_DEVICE_FAMILY = "1,2";
				TEST_TARGET_NAME = ProjectMarvel;
			};
			name = Debug;
		};
		52D4B34C24E09D6F0029DC66 /* Release */ = {
			isa = XCBuildConfiguration;
			baseConfigurationReference = D67D28C0DDB6225006FA975C /* Pods-ProjectMarvelUITests.release.xcconfig */;
			buildSettings = {
				ALWAYS_EMBED_SWIFT_STANDARD_LIBRARIES = YES;
				CODE_SIGN_STYLE = Automatic;
				DEVELOPMENT_TEAM = LB7D339DT6;
				INFOPLIST_FILE = ProjectMarvelUITests/Info.plist;
				LD_RUNPATH_SEARCH_PATHS = (
					"$(inherited)",
					"@executable_path/Frameworks",
					"@loader_path/Frameworks",
				);
				PRODUCT_BUNDLE_IDENTIFIER = com.jhoneylopes.ProjectMarvelUITests;
				PRODUCT_NAME = "$(TARGET_NAME)";
				SWIFT_VERSION = 5.0;
				TARGETED_DEVICE_FAMILY = "1,2";
				TEST_TARGET_NAME = ProjectMarvel;
			};
			name = Release;
		};
/* End XCBuildConfiguration section */

/* Begin XCConfigurationList section */
		52D4B31524E09D650029DC66 /* Build configuration list for PBXProject "ProjectMarvel" */ = {
			isa = XCConfigurationList;
			buildConfigurations = (
				52D4B34224E09D6F0029DC66 /* Debug */,
				52D4B34324E09D6F0029DC66 /* Release */,
			);
			defaultConfigurationIsVisible = 0;
			defaultConfigurationName = Release;
		};
		52D4B34424E09D6F0029DC66 /* Build configuration list for PBXNativeTarget "ProjectMarvel" */ = {
			isa = XCConfigurationList;
			buildConfigurations = (
				52D4B34524E09D6F0029DC66 /* Debug */,
				52D4B34624E09D6F0029DC66 /* Release */,
			);
			defaultConfigurationIsVisible = 0;
			defaultConfigurationName = Release;
		};
		52D4B34724E09D6F0029DC66 /* Build configuration list for PBXNativeTarget "ProjectMarvelTests" */ = {
			isa = XCConfigurationList;
			buildConfigurations = (
				52D4B34824E09D6F0029DC66 /* Debug */,
				52D4B34924E09D6F0029DC66 /* Release */,
			);
			defaultConfigurationIsVisible = 0;
			defaultConfigurationName = Release;
		};
		52D4B34A24E09D6F0029DC66 /* Build configuration list for PBXNativeTarget "ProjectMarvelUITests" */ = {
			isa = XCConfigurationList;
			buildConfigurations = (
				52D4B34B24E09D6F0029DC66 /* Debug */,
				52D4B34C24E09D6F0029DC66 /* Release */,
			);
			defaultConfigurationIsVisible = 0;
			defaultConfigurationName = Release;
		};
/* End XCConfigurationList section */
	};
	rootObject = 52D4B31224E09D650029DC66 /* Project object */;
}
